
Microsoft Visual Studio Solution File, Format Version 12.00
# Visual Studio Version 17
VisualStudioVersion = 17.9.34310.174
MinimumVisualStudioVersion = 10.0.40219.1
Project("{9A19103F-16F7-4668-BE54-9A1E7A4F7556}") = "ListFilteringListBenchmarking", "ListFilteringListBenchmarking.csproj", "{1FC18637-F367-4CA4-918C-C41D3A08B611}"
EndProject
Project("{FAE04EC0-301F-11D3-BF4B-00C04F79EFBC}") = "ListFilteringListBenchmarking.UnitTest", "..\ListFilteringListBenchmarking.UnitTest\ListFilteringListBenchmarking.UnitTest.csproj", "{3666C891-3ACF-4DCD-A1F1-01F028F47F13}"
EndProject
Global
	GlobalSection(SolutionConfigurationPlatforms) = preSolution
		Debug|Any CPU = Debug|Any CPU
		Release|Any CPU = Release|Any CPU
	EndGlobalSection
	GlobalSection(ProjectConfigurationPlatforms) = postSolution
		{1FC18637-F367-4CA4-918C-C41D3A08B611}.Debug|Any CPU.ActiveCfg = Debug|Any CPU
		{1FC18637-F367-4CA4-918C-C41D3A08B611}.Debug|Any CPU.Build.0 = Debug|Any CPU
		{1FC18637-F367-4CA4-918C-C41D3A08B611}.Release|Any CPU.ActiveCfg = Release|Any CPU
		{1FC18637-F367-4CA4-918C-C41D3A08B611}.Release|Any CPU.Build.0 = Release|Any CPU
		{3666C891-3ACF-4DCD-A1F1-01F028F47F13}.Debug|Any CPU.ActiveCfg = Debug|Any CPU
		{3666C891-3ACF-4DCD-A1F1-01F028F47F13}.Debug|Any CPU.Build.0 = Debug|Any CPU
		{3666C891-3ACF-4DCD-A1F1-01F028F47F13}.Release|Any CPU.ActiveCfg = Release|Any CPU
		{3666C891-3ACF-4DCD-A1F1-01F028F47F13}.Release|Any CPU.Build.0 = Release|Any CPU
	EndGlobalSection
	GlobalSection(SolutionProperties) = preSolution
		HideSolutionNode = FALSE
	EndGlobalSection
	GlobalSection(ExtensibilityGlobals) = postSolution
		SolutionGuid = {019C4714-6240-4FD5-BF6D-7E1D6B83076D}
	EndGlobalSection
EndGlobal
